
Microsoft Visual Studio Solution File, Format Version 12.00
# Visual Studio Version 16
VisualStudioVersion = 16.0.30804.86
MinimumVisualStudioVersion = 10.0.40219.1
Project("{9A19103F-16F7-4668-BE54-9A1E7A4F7556}") = "eweb", "eweb\eweb.csproj", "{1D6C7847-FA2E-4291-A2FA-9D9B519E5A92}"
EndProject
Project("{9A19103F-16F7-4668-BE54-9A1E7A4F7556}") = "appcore", "AppCore\appcore.csproj", "{10860053-515E-4CB0-A00A-2525E002E636}"
EndProject
Project("{2150E333-8FDC-42A3-9474-1A3956D46DE8}") = "HOST", "HOST", "{58C672DB-B39C-4077-AE74-E527B375DC65}"
EndProject
Project("{FAE04EC0-301F-11D3-BF4B-00C04F79EFBC}") = "HOSTService", "HOST\HOSTService\HOSTService\HOSTService.csproj", "{DFE2E330-1535-487F-8815-E905BF0D4832}"
EndProject
Project("{2150E333-8FDC-42A3-9474-1A3956D46DE8}") = "BDS", "BDS", "{9F08512A-4D9B-4932-9A92-A98920A8DA53}"
EndProject
Project("{FAE04EC0-301F-11D3-BF4B-00C04F79EFBC}") = "BDSService", "BDS\BDSService\BDSService\BDSService.csproj", "{6FF32D76-C290-493B-9CBB-543A5B7D09AF}"
EndProject
Project("{2150E333-8FDC-42A3-9474-1A3956D46DE8}") = "Common", "Common", "{500DF02A-34D5-4E45-A09D-9A804E0D3E50}"
EndProject
Project("{FAE04EC0-301F-11D3-BF4B-00C04F79EFBC}") = "DataAccessLayer", "Common\DataAccessLayer\DataAccessLayer\DataAccessLayer.csproj", "{30588402-5E65-483E-8ECF-70D4E24BD4B1}"
EndProject
Project("{FAE04EC0-301F-11D3-BF4B-00C04F79EFBC}") = "CommonLibrary", "Common\CommonLibrary\CommonLibrary\CommonLibrary.csproj", "{9173F484-4DDD-4186-BAEA-E70A08AED415}"
EndProject
Global
	GlobalSection(SolutionConfigurationPlatforms) = preSolution
		Debug|Any CPU = Debug|Any CPU
		Release|Any CPU = Release|Any CPU
	EndGlobalSection
	GlobalSection(ProjectConfigurationPlatforms) = postSolution
		{1D6C7847-FA2E-4291-A2FA-9D9B519E5A92}.Debug|Any CPU.ActiveCfg = Debug|Any CPU
		{1D6C7847-FA2E-4291-A2FA-9D9B519E5A92}.Debug|Any CPU.Build.0 = Debug|Any CPU
		{1D6C7847-FA2E-4291-A2FA-9D9B519E5A92}.Release|Any CPU.ActiveCfg = Release|Any CPU
		{1D6C7847-FA2E-4291-A2FA-9D9B519E5A92}.Release|Any CPU.Build.0 = Release|Any CPU
		{10860053-515E-4CB0-A00A-2525E002E636}.Debug|Any CPU.ActiveCfg = Debug|Any CPU
		{10860053-515E-4CB0-A00A-2525E002E636}.Debug|Any CPU.Build.0 = Debug|Any CPU
		{10860053-515E-4CB0-A00A-2525E002E636}.Release|Any CPU.ActiveCfg = Release|Any CPU
		{10860053-515E-4CB0-A00A-2525E002E636}.Release|Any CPU.Build.0 = Release|Any CPU
		{DFE2E330-1535-487F-8815-E905BF0D4832}.Debug|Any CPU.ActiveCfg = Debug|Any CPU
		{DFE2E330-1535-487F-8815-E905BF0D4832}.Debug|Any CPU.Build.0 = Debug|Any CPU
		{DFE2E330-1535-487F-8815-E905BF0D4832}.Release|Any CPU.ActiveCfg = Release|Any CPU
		{DFE2E330-1535-487F-8815-E905BF0D4832}.Release|Any CPU.Build.0 = Release|Any CPU
		{6FF32D76-C290-493B-9CBB-543A5B7D09AF}.Debug|Any CPU.ActiveCfg = Debug|Any CPU
		{6FF32D76-C290-493B-9CBB-543A5B7D09AF}.Debug|Any CPU.Build.0 = Debug|Any CPU
		{6FF32D76-C290-493B-9CBB-543A5B7D09AF}.Release|Any CPU.ActiveCfg = Release|Any CPU
		{6FF32D76-C290-493B-9CBB-543A5B7D09AF}.Release|Any CPU.Build.0 = Release|Any CPU
		{30588402-5E65-483E-8ECF-70D4E24BD4B1}.Debug|Any CPU.ActiveCfg = Debug|Any CPU
		{30588402-5E65-483E-8ECF-70D4E24BD4B1}.Debug|Any CPU.Build.0 = Debug|Any CPU
		{30588402-5E65-483E-8ECF-70D4E24BD4B1}.Release|Any CPU.ActiveCfg = Release|Any CPU
		{30588402-5E65-483E-8ECF-70D4E24BD4B1}.Release|Any CPU.Build.0 = Release|Any CPU
		{9173F484-4DDD-4186-BAEA-E70A08AED415}.Debug|Any CPU.ActiveCfg = Debug|Any CPU
		{9173F484-4DDD-4186-BAEA-E70A08AED415}.Debug|Any CPU.Build.0 = Debug|Any CPU
		{9173F484-4DDD-4186-BAEA-E70A08AED415}.Release|Any CPU.ActiveCfg = Release|Any CPU
		{9173F484-4DDD-4186-BAEA-E70A08AED415}.Release|Any CPU.Build.0 = Release|Any CPU
	EndGlobalSection
	GlobalSection(SolutionProperties) = preSolution
		HideSolutionNode = FALSE
	EndGlobalSection
	GlobalSection(NestedProjects) = preSolution
		{DFE2E330-1535-487F-8815-E905BF0D4832} = {58C672DB-B39C-4077-AE74-E527B375DC65}
		{6FF32D76-C290-493B-9CBB-543A5B7D09AF} = {9F08512A-4D9B-4932-9A92-A98920A8DA53}
		{30588402-5E65-483E-8ECF-70D4E24BD4B1} = {500DF02A-34D5-4E45-A09D-9A804E0D3E50}
		{9173F484-4DDD-4186-BAEA-E70A08AED415} = {500DF02A-34D5-4E45-A09D-9A804E0D3E50}
	EndGlobalSection
	GlobalSection(ExtensibilityGlobals) = postSolution
		SolutionGuid = {D1AB415B-4CAE-4F84-B943-AE0128DD6A7C}
	EndGlobalSection
EndGlobal
