
Microsoft Visual Studio Solution File, Format Version 12.00
# Visual Studio Version 16
VisualStudioVersion = 16.0.30804.86
MinimumVisualStudioVersion = 10.0.40219.1
Project("{9A19103F-16F7-4668-BE54-9A1E7A4F7556}") = "eweb", "eweb\eweb.csproj", "{1D6C7847-FA2E-4291-A2FA-9D9B519E5A92}"
EndProject
Project("{9A19103F-16F7-4668-BE54-9A1E7A4F7556}") = "appcore", "AppCore\appcore.csproj", "{10860053-515E-4CB0-A00A-2525E002E636}"
EndProject
Project("{2150E333-8FDC-42A3-9474-1A3956D46DE8}") = "HOST", "HOST", "{58C672DB-B39C-4077-AE74-E527B375DC65}"
EndProject
Project("{2150E333-8FDC-42A3-9474-1A3956D46DE8}") = "BDS", "BDS", "{9F08512A-4D9B-4932-9A92-A98920A8DA53}"
EndProject
Project("{2150E333-8FDC-42A3-9474-1A3956D46DE8}") = "Common", "Common", "{500DF02A-34D5-4E45-A09D-9A804E0D3E50}"
EndProject
Project("{9A19103F-16F7-4668-BE54-9A1E7A4F7556}") = "BDSService", "BDS\BDSService\BDSService.csproj", "{3B9707BE-4A9F-4A2E-81EB-B2BF0E2CB507}"
EndProject
Project("{9A19103F-16F7-4668-BE54-9A1E7A4F7556}") = "HOSTService", "HOST\HOSTService\HOSTService.csproj", "{D93D8745-894D-4BFF-AA32-F34772A8BA81}"
EndProject
Project("{9A19103F-16F7-4668-BE54-9A1E7A4F7556}") = "DataAccessLayer", "Common\DataAccessLayer\DataAccessLayer.csproj", "{1142B51C-E3F0-4CEC-84FA-E463C493DC91}"
EndProject
Project("{9A19103F-16F7-4668-BE54-9A1E7A4F7556}") = "CommonLibrary", "Common\CommonLibrary\CommonLibrary.csproj", "{9B267D7C-2851-4E17-A235-F37DFFCEAE48}"
EndProject
Project("{9A19103F-16F7-4668-BE54-9A1E7A4F7556}") = "Configurations", "Configurations\Configurations.csproj", "{0E810671-CD64-465E-AC42-C9099BC62F64}"
EndProject
Project("{FAE04EC0-301F-11D3-BF4B-00C04F79EFBC}") = "BASE", "HOST\BASE\BASE.csproj", "{B9442C53-AB81-4B0A-A1B6-E33BBE3B795F}"
EndProject
Project("{FAE04EC0-301F-11D3-BF4B-00C04F79EFBC}") = "SA", "HOST\SA\SA.csproj", "{BC7AC1A8-67A7-49BE-BEF9-DD5BAEF04BE7}"
EndProject
Global
	GlobalSection(SolutionConfigurationPlatforms) = preSolution
		Debug|Any CPU = Debug|Any CPU
		Release|Any CPU = Release|Any CPU
	EndGlobalSection
	GlobalSection(ProjectConfigurationPlatforms) = postSolution
		{1D6C7847-FA2E-4291-A2FA-9D9B519E5A92}.Debug|Any CPU.ActiveCfg = Debug|Any CPU
		{1D6C7847-FA2E-4291-A2FA-9D9B519E5A92}.Debug|Any CPU.Build.0 = Debug|Any CPU
		{1D6C7847-FA2E-4291-A2FA-9D9B519E5A92}.Release|Any CPU.ActiveCfg = Release|Any CPU
		{1D6C7847-FA2E-4291-A2FA-9D9B519E5A92}.Release|Any CPU.Build.0 = Release|Any CPU
		{10860053-515E-4CB0-A00A-2525E002E636}.Debug|Any CPU.ActiveCfg = Debug|Any CPU
		{10860053-515E-4CB0-A00A-2525E002E636}.Debug|Any CPU.Build.0 = Debug|Any CPU
		{10860053-515E-4CB0-A00A-2525E002E636}.Release|Any CPU.ActiveCfg = Release|Any CPU
		{10860053-515E-4CB0-A00A-2525E002E636}.Release|Any CPU.Build.0 = Release|Any CPU
		{3B9707BE-4A9F-4A2E-81EB-B2BF0E2CB507}.Debug|Any CPU.ActiveCfg = Debug|Any CPU
		{3B9707BE-4A9F-4A2E-81EB-B2BF0E2CB507}.Debug|Any CPU.Build.0 = Debug|Any CPU
		{3B9707BE-4A9F-4A2E-81EB-B2BF0E2CB507}.Release|Any CPU.ActiveCfg = Release|Any CPU
		{3B9707BE-4A9F-4A2E-81EB-B2BF0E2CB507}.Release|Any CPU.Build.0 = Release|Any CPU
		{D93D8745-894D-4BFF-AA32-F34772A8BA81}.Debug|Any CPU.ActiveCfg = Debug|Any CPU
		{D93D8745-894D-4BFF-AA32-F34772A8BA81}.Debug|Any CPU.Build.0 = Debug|Any CPU
		{D93D8745-894D-4BFF-AA32-F34772A8BA81}.Release|Any CPU.ActiveCfg = Release|Any CPU
		{D93D8745-894D-4BFF-AA32-F34772A8BA81}.Release|Any CPU.Build.0 = Release|Any CPU
		{1142B51C-E3F0-4CEC-84FA-E463C493DC91}.Debug|Any CPU.ActiveCfg = Debug|Any CPU
		{1142B51C-E3F0-4CEC-84FA-E463C493DC91}.Debug|Any CPU.Build.0 = Debug|Any CPU
		{1142B51C-E3F0-4CEC-84FA-E463C493DC91}.Release|Any CPU.ActiveCfg = Release|Any CPU
		{1142B51C-E3F0-4CEC-84FA-E463C493DC91}.Release|Any CPU.Build.0 = Release|Any CPU
		{9B267D7C-2851-4E17-A235-F37DFFCEAE48}.Debug|Any CPU.ActiveCfg = Debug|Any CPU
		{9B267D7C-2851-4E17-A235-F37DFFCEAE48}.Debug|Any CPU.Build.0 = Debug|Any CPU
		{9B267D7C-2851-4E17-A235-F37DFFCEAE48}.Release|Any CPU.ActiveCfg = Release|Any CPU
		{9B267D7C-2851-4E17-A235-F37DFFCEAE48}.Release|Any CPU.Build.0 = Release|Any CPU
		{0E810671-CD64-465E-AC42-C9099BC62F64}.Debug|Any CPU.ActiveCfg = Debug|Any CPU
		{0E810671-CD64-465E-AC42-C9099BC62F64}.Debug|Any CPU.Build.0 = Debug|Any CPU
		{0E810671-CD64-465E-AC42-C9099BC62F64}.Release|Any CPU.ActiveCfg = Release|Any CPU
		{0E810671-CD64-465E-AC42-C9099BC62F64}.Release|Any CPU.Build.0 = Release|Any CPU
		{B9442C53-AB81-4B0A-A1B6-E33BBE3B795F}.Debug|Any CPU.ActiveCfg = Debug|Any CPU
		{B9442C53-AB81-4B0A-A1B6-E33BBE3B795F}.Debug|Any CPU.Build.0 = Debug|Any CPU
		{B9442C53-AB81-4B0A-A1B6-E33BBE3B795F}.Release|Any CPU.ActiveCfg = Release|Any CPU
		{B9442C53-AB81-4B0A-A1B6-E33BBE3B795F}.Release|Any CPU.Build.0 = Release|Any CPU
		{BC7AC1A8-67A7-49BE-BEF9-DD5BAEF04BE7}.Debug|Any CPU.ActiveCfg = Debug|Any CPU
		{BC7AC1A8-67A7-49BE-BEF9-DD5BAEF04BE7}.Debug|Any CPU.Build.0 = Debug|Any CPU
		{BC7AC1A8-67A7-49BE-BEF9-DD5BAEF04BE7}.Release|Any CPU.ActiveCfg = Release|Any CPU
		{BC7AC1A8-67A7-49BE-BEF9-DD5BAEF04BE7}.Release|Any CPU.Build.0 = Release|Any CPU
	EndGlobalSection
	GlobalSection(SolutionProperties) = preSolution
		HideSolutionNode = FALSE
	EndGlobalSection
	GlobalSection(NestedProjects) = preSolution
		{3B9707BE-4A9F-4A2E-81EB-B2BF0E2CB507} = {9F08512A-4D9B-4932-9A92-A98920A8DA53}
		{D93D8745-894D-4BFF-AA32-F34772A8BA81} = {58C672DB-B39C-4077-AE74-E527B375DC65}
		{1142B51C-E3F0-4CEC-84FA-E463C493DC91} = {500DF02A-34D5-4E45-A09D-9A804E0D3E50}
		{9B267D7C-2851-4E17-A235-F37DFFCEAE48} = {500DF02A-34D5-4E45-A09D-9A804E0D3E50}
		{0E810671-CD64-465E-AC42-C9099BC62F64} = {500DF02A-34D5-4E45-A09D-9A804E0D3E50}
		{B9442C53-AB81-4B0A-A1B6-E33BBE3B795F} = {58C672DB-B39C-4077-AE74-E527B375DC65}
		{BC7AC1A8-67A7-49BE-BEF9-DD5BAEF04BE7} = {58C672DB-B39C-4077-AE74-E527B375DC65}
	EndGlobalSection
	GlobalSection(ExtensibilityGlobals) = postSolution
		SolutionGuid = {D1AB415B-4CAE-4F84-B943-AE0128DD6A7C}
	EndGlobalSection
EndGlobal
